Microsoft Visual Studio Solution File, Format Version 11.00
# Visual Studio 2008

Project("{2368E36E-8221-7CB4-C047-6F493040B04A}") = "MyGame02", "Assembly-CSharp.csproj", "{74DA083B-3C2A-7A70-8B5B-ACC593FFD72A}"
EndProject
Global
	GlobalSection(SolutionConfigurationPlatforms) = preSolution
		Debug|Any CPU = Debug|Any CPU
		Release|Any CPU = Release|Any CPU
	EndGlobalSection
	GlobalSection(ProjectConfigurationPlatforms) = postSolution
		{74DA083B-3C2A-7A70-8B5B-ACC593FFD72A}.Debug|Any CPU.ActiveCfg = Debug|Any CPU
		{74DA083B-3C2A-7A70-8B5B-ACC593FFD72A}.Debug|Any CPU.Build.0 = Debug|Any CPU
		{74DA083B-3C2A-7A70-8B5B-ACC593FFD72A}.Release|Any CPU.ActiveCfg = Release|Any CPU
		{74DA083B-3C2A-7A70-8B5B-ACC593FFD72A}.Release|Any CPU.Build.0 = Release|Any CPU
	EndGlobalSection
	GlobalSection(SolutionProperties) = preSolution
		HideSolutionNode = FALSE
	EndGlobalSection
	GlobalSection(MonoDevelopProperties) = preSolution
		StartupItem = Assembly-CSharp.csproj
	EndGlobalSection
EndGlobal
